[{<<"cowboy">>,
  {git,"git://github.com/ninenines/cowboy.git",
       {ref,"d846827b2a70317914621328bd617e4e5d4d13d8"}},
  0},
 {<<"cowlib">>,
  {git,"https://github.com/ninenines/cowlib",
       {ref,"75aaeb8415033b07303febbfeba66d6d3413ad06"}},
  1},
 {<<"ranch">>,
  {git,"https://github.com/ninenines/ranch",
       {ref,"3190aef88aea04d6dce8545fe9b4574288903f44"}},
  1}].
